// !$*UTF8*$!
{
	archiveVersion = 1;
	classes = {
	};
	objectVersion = 56;
	objects = {

/* Begin PBXBuildFile section */
		B848BB772BB7D7D0001D953C /* AppDelegate.swift in Sources */ = {isa = PBXBuildFile; fileRef = B848BB762BB7D7D0001D953C /* AppDelegate.swift */; };
		B848BB792BB7D7D0001D953C /* SceneDelegate.swift in Sources */ = {isa = PBXBuildFile; fileRef = B848BB782BB7D7D0001D953C /* SceneDelegate.swift */; };
		B848BB7B2BB7D7D0001D953C /* ViewController.swift in Sources */ = {isa = PBXBuildFile; fileRef = B848BB7A2BB7D7D0001D953C /* ViewController.swift */; };
		B848BB7E2BB7D7D0001D953C /* Main.storyboard in Resources */ = {isa = PBXBuildFile; fileRef = B848BB7C2BB7D7D0001D953C /* Main.storyboard */; };
		B848BB802BB7D7D4001D953C /* Assets.xcassets in Resources */ = {isa = PBXBuildFile; fileRef = B848BB7F2BB7D7D4001D953C /* Assets.xcassets */; };
		B848BB832BB7D7D4001D953C /* LaunchScreen.storyboard in Resources */ = {isa = PBXBuildFile; fileRef = B848BB812BB7D7D4001D953C /* LaunchScreen.storyboard */; };
		B8550AAC2BDB949600A96F03 /* LoginView.swift in Sources */ = {isa = PBXBuildFile; fileRef = B8550AAB2BDB949600A96F03 /* LoginView.swift */; };
		B86318ED2BCD8523000B6159 /* Pretendard-Bold.otf in Resources */ = {isa = PBXBuildFile; fileRef = B86318EC2BCD8523000B6159 /* Pretendard-Bold.otf */; };
		B86318EF2BCD8556000B6159 /* Pretendard-ExtraBold.otf in Resources */ = {isa = PBXBuildFile; fileRef = B86318EE2BCD8556000B6159 /* Pretendard-ExtraBold.otf */; };
		B86D6E1D2BDCCC6A00667418 /* Config.swift in Sources */ = {isa = PBXBuildFile; fileRef = B86D6E1C2BDCCC6A00667418 /* Config.swift */; };
		B86D6E1F2BDCD16600667418 /* NetworkResult.swift in Sources */ = {isa = PBXBuildFile; fileRef = B86D6E1E2BDCD16600667418 /* NetworkResult.swift */; };
		B86D6E212BDCD20600667418 /* MoyaLoggingPlugin.swift in Sources */ = {isa = PBXBuildFile; fileRef = B86D6E202BDCD20600667418 /* MoyaLoggingPlugin.swift */; };
		B86D6E242BDCD24B00667418 /* SignUpRequestModel.swift in Sources */ = {isa = PBXBuildFile; fileRef = B86D6E232BDCD24B00667418 /* SignUpRequestModel.swift */; };
		B86D6E262BDCD27100667418 /* SignUpResponseModel.swift in Sources */ = {isa = PBXBuildFile; fileRef = B86D6E252BDCD27100667418 /* SignUpResponseModel.swift */; };
		B86D6E282BDCD28900667418 /* SignUpViewController.swift in Sources */ = {isa = PBXBuildFile; fileRef = B86D6E272BDCD28900667418 /* SignUpViewController.swift */; };
		B86D6E2B2BDCD2C100667418 /* Moya in Frameworks */ = {isa = PBXBuildFile; productRef = B86D6E2A2BDCD2C100667418 /* Moya */; };
		B86D6E2E2BDCD2F800667418 /* Then in Frameworks */ = {isa = PBXBuildFile; productRef = B86D6E2D2BDCD2F800667418 /* Then */; };
		B86D6E302BDCD34700667418 /* AddTargetType.swift in Sources */ = {isa = PBXBuildFile; fileRef = B86D6E2F2BDCD34700667418 /* AddTargetType.swift */; };
		B86D6E322BDCD35A00667418 /* UserService.swift in Sources */ = {isa = PBXBuildFile; fileRef = B86D6E312BDCD35A00667418 /* UserService.swift */; };
		B86D6E362BDCD39A00667418 /* CheckUserInfoViewController.swift in Sources */ = {isa = PBXBuildFile; fileRef = B86D6E352BDCD39A00667418 /* CheckUserInfoViewController.swift */; };
		B86D6E382BDCD3B000667418 /* UserInfoResponseModel.swift in Sources */ = {isa = PBXBuildFile; fileRef = B86D6E372BDCD3B000667418 /* UserInfoResponseModel.swift */; };
		B8B721512BD39B5700B161EA /* WelcomeViewController_SanpKit.swift in Sources */ = {isa = PBXBuildFile; fileRef = B8B721502BD39B5700B161EA /* WelcomeViewController_SanpKit.swift */; };
		B8B721532BD39C2800B161EA /* ChatViewController.swift in Sources */ = {isa = PBXBuildFile; fileRef = B8B721522BD39C2800B161EA /* ChatViewController.swift */; };
		B8B721552BD39DC500B161EA /* ChatTableViewCell.swift in Sources */ = {isa = PBXBuildFile; fileRef = B8B721542BD39DC500B161EA /* ChatTableViewCell.swift */; };
		B8B721572BD3A9DF00B161EA /* ItemViewController.swift in Sources */ = {isa = PBXBuildFile; fileRef = B8B721562BD3A9DF00B161EA /* ItemViewController.swift */; };
		B8B7215C2BD3AC6900B161EA /* ItemModel.swift in Sources */ = {isa = PBXBuildFile; fileRef = B8B7215B2BD3AC6900B161EA /* ItemModel.swift */; };
		B8B7215E2BD3AD0A00B161EA /* ItemCollectionViewCell.swift in Sources */ = {isa = PBXBuildFile; fileRef = B8B7215D2BD3AD0A00B161EA /* ItemCollectionViewCell.swift */; };
		B8B721602BD3AD4000B161EA /* ChatModel.swift in Sources */ = {isa = PBXBuildFile; fileRef = B8B7215F2BD3AD4000B161EA /* ChatModel.swift */; };
		B8D5332C2BC5A6BA002D8FC0 /* LoginViewController_Closure.swift in Sources */ = {isa = PBXBuildFile; fileRef = B8D5332B2BC5A6BA002D8FC0 /* LoginViewController_Closure.swift */; };
		B8D5332E2BC5A6CD002D8FC0 /* WelcomeViewController_Closure.swift in Sources */ = {isa = PBXBuildFile; fileRef = B8D5332D2BC5A6CD002D8FC0 /* WelcomeViewController_Closure.swift */; };
		B8D8E3472BC521880031D97D /* LoginViewController.swift in Sources */ = {isa = PBXBuildFile; fileRef = B8D8E3442BC521880031D97D /* LoginViewController.swift */; };
		B8D8E3482BC521880031D97D /* WelcomeViewController.swift in Sources */ = {isa = PBXBuildFile; fileRef = B8D8E3452BC521880031D97D /* WelcomeViewController.swift */; };
		B8D8E34E2BC521930031D97D /* iOS_miniSeminar_1st.md in Resources */ = {isa = PBXBuildFile; fileRef = B8D8E3492BC521930031D97D /* iOS_miniSeminar_1st.md */; };
		B8D8E34F2BC521930031D97D /* LoginViewController_DelegatePattern.swift in Sources */ = {isa = PBXBuildFile; fileRef = B8D8E34A2BC521930031D97D /* LoginViewController_DelegatePattern.swift */; };
		B8D8E3502BC521930031D97D /* ScrollView.swift in Sources */ = {isa = PBXBuildFile; fileRef = B8D8E34B2BC521930031D97D /* ScrollView.swift */; };
		B8D8E3512BC521930031D97D /* WelcomeViewController_DelegatePattern.swift in Sources */ = {isa = PBXBuildFile; fileRef = B8D8E34C2BC521930031D97D /* WelcomeViewController_DelegatePattern.swift */; };
		B8D8E3542BC5220F0031D97D /* SnapKit in Frameworks */ = {isa = PBXBuildFile; productRef = B8D8E3532BC5220F0031D97D /* SnapKit */; };
		B8D8E3562BC5220F0031D97D /* SnapKit-Dynamic in Frameworks */ = {isa = PBXBuildFile; productRef = B8D8E3552BC5220F0031D97D /* SnapKit-Dynamic */; };
		B8E03CA02BBF231300C3FC88 /* Pretendard-Light.otf in Resources */ = {isa = PBXBuildFile; fileRef = B8E03C982BBF231300C3FC88 /* Pretendard-Light.otf */; };
		B8E03CA12BBF231300C3FC88 /* Pretendard-ExtraLight.otf in Resources */ = {isa = PBXBuildFile; fileRef = B8E03C992BBF231300C3FC88 /* Pretendard-ExtraLight.otf */; };
		B8E03CA22BBF231300C3FC88 /* Pretendard-Thin.otf in Resources */ = {isa = PBXBuildFile; fileRef = B8E03C9A2BBF231300C3FC88 /* Pretendard-Thin.otf */; };
/* End PBXBuildFile section */

/* Begin PBXFileReference section */
		B848BB732BB7D7D0001D953C /* 34th-Sopt-Seminar.app */ = {isa = PBXFileReference; explicitFileType = wrapper.application; includeInIndex = 0; path = "34th-Sopt-Seminar.app"; sourceTree = BUILT_PRODUCTS_DIR; };
		B848BB762BB7D7D0001D953C /* AppDelegate.swift */ = {isa = PBXFileReference; lastKnownFileType = sourcecode.swift; path = AppDelegate.swift; sourceTree = "<group>"; };
		B848BB782BB7D7D0001D953C /* SceneDelegate.swift */ = {isa = PBXFileReference; lastKnownFileType = sourcecode.swift; path = SceneDelegate.swift; sourceTree = "<group>"; };
		B848BB7A2BB7D7D0001D953C /* ViewController.swift */ = {isa = PBXFileReference; lastKnownFileType = sourcecode.swift; path = ViewController.swift; sourceTree = "<group>"; };
		B848BB7D2BB7D7D0001D953C /* Base */ = {isa = PBXFileReference; lastKnownFileType = file.storyboard; name = Base; path = Base.lproj/Main.storyboard; sourceTree = "<group>"; };
		B848BB7F2BB7D7D4001D953C /* Assets.xcassets */ = {isa = PBXFileReference; lastKnownFileType = folder.assetcatalog; path = Assets.xcassets; sourceTree = "<group>"; };
		B848BB822BB7D7D4001D953C /* Base */ = {isa = PBXFileReference; lastKnownFileType = file.storyboard; name = Base; path = Base.lproj/LaunchScreen.storyboard; sourceTree = "<group>"; };
		B848BB842BB7D7D4001D953C /* Info.plist */ = {isa = PBXFileReference; lastKnownFileType = text.plist.xml; path = Info.plist; sourceTree = "<group>"; };
		B8550AAB2BDB949600A96F03 /* LoginView.swift */ = {isa = PBXFileReference; lastKnownFileType = sourcecode.swift; path = LoginView.swift; sourceTree = "<group>"; };
		B86318EC2BCD8523000B6159 /* Pretendard-Bold.otf */ = {isa = PBXFileReference; lastKnownFileType = file; name = "Pretendard-Bold.otf"; path = "../../../../../../../Downloads/Pretendard-1/public/static/Pretendard-Bold.otf"; sourceTree = "<group>"; };
		B86318EE2BCD8556000B6159 /* Pretendard-ExtraBold.otf */ = {isa = PBXFileReference; lastKnownFileType = file; name = "Pretendard-ExtraBold.otf"; path = "../../../../../../../Downloads/Pretendard-1/public/static/Pretendard-ExtraBold.otf"; sourceTree = "<group>"; };
		B86318F02BCD856A000B6159 /* Pretendard-SemiBold.otf */ = {isa = PBXFileReference; lastKnownFileType = file; name = "Pretendard-SemiBold.otf"; path = "../../../../../../../Downloads/Pretendard-1/public/static/Pretendard-SemiBold.otf"; sourceTree = "<group>"; };
		B86D6E1C2BDCCC6A00667418 /* Config.swift */ = {isa = PBXFileReference; lastKnownFileType = sourcecode.swift; path = Config.swift; sourceTree = "<group>"; };
		B86D6E1E2BDCD16600667418 /* NetworkResult.swift */ = {isa = PBXFileReference; lastKnownFileType = sourcecode.swift; path = NetworkResult.swift; sourceTree = "<group>"; };
		B86D6E202BDCD20600667418 /* MoyaLoggingPlugin.swift */ = {isa = PBXFileReference; lastKnownFileType = sourcecode.swift; path = MoyaLoggingPlugin.swift; sourceTree = "<group>"; };
		B86D6E232BDCD24B00667418 /* SignUpRequestModel.swift */ = {isa = PBXFileReference; lastKnownFileType = sourcecode.swift; path = SignUpRequestModel.swift; sourceTree = "<group>"; };
		B86D6E252BDCD27100667418 /* SignUpResponseModel.swift */ = {isa = PBXFileReference; lastKnownFileType = sourcecode.swift; path = SignUpResponseModel.swift; sourceTree = "<group>"; };
		B86D6E272BDCD28900667418 /* SignUpViewController.swift */ = {isa = PBXFileReference; lastKnownFileType = sourcecode.swift; path = SignUpViewController.swift; sourceTree = "<group>"; };
		B86D6E2F2BDCD34700667418 /* AddTargetType.swift */ = {isa = PBXFileReference; lastKnownFileType = sourcecode.swift; path = AddTargetType.swift; sourceTree = "<group>"; };
		B86D6E312BDCD35A00667418 /* UserService.swift */ = {isa = PBXFileReference; lastKnownFileType = sourcecode.swift; path = UserService.swift; sourceTree = "<group>"; };
		B86D6E352BDCD39A00667418 /* CheckUserInfoViewController.swift */ = {isa = PBXFileReference; lastKnownFileType = sourcecode.swift; path = CheckUserInfoViewController.swift; sourceTree = "<group>"; };
		B86D6E372BDCD3B000667418 /* UserInfoResponseModel.swift */ = {isa = PBXFileReference; lastKnownFileType = sourcecode.swift; path = UserInfoResponseModel.swift; sourceTree = "<group>"; };
		B8B721502BD39B5700B161EA /* WelcomeViewController_SanpKit.swift */ = {isa = PBXFileReference; lastKnownFileType = sourcecode.swift; path = WelcomeViewController_SanpKit.swift; sourceTree = "<group>"; };
		B8B721522BD39C2800B161EA /* ChatViewController.swift */ = {isa = PBXFileReference; lastKnownFileType = sourcecode.swift; path = ChatViewController.swift; sourceTree = "<group>"; };
		B8B721542BD39DC500B161EA /* ChatTableViewCell.swift */ = {isa = PBXFileReference; lastKnownFileType = sourcecode.swift; path = ChatTableViewCell.swift; sourceTree = "<group>"; };
		B8B721562BD3A9DF00B161EA /* ItemViewController.swift */ = {isa = PBXFileReference; lastKnownFileType = sourcecode.swift; path = ItemViewController.swift; sourceTree = "<group>"; };
		B8B7215B2BD3AC6900B161EA /* ItemModel.swift */ = {isa = PBXFileReference; lastKnownFileType = sourcecode.swift; path = ItemModel.swift; sourceTree = "<group>"; };
		B8B7215D2BD3AD0A00B161EA /* ItemCollectionViewCell.swift */ = {isa = PBXFileReference; lastKnownFileType = sourcecode.swift; path = ItemCollectionViewCell.swift; sourceTree = "<group>"; };
		B8B7215F2BD3AD4000B161EA /* ChatModel.swift */ = {isa = PBXFileReference; lastKnownFileType = sourcecode.swift; path = ChatModel.swift; sourceTree = "<group>"; };
		B8D5332B2BC5A6BA002D8FC0 /* LoginViewController_Closure.swift */ = {isa = PBXFileReference; lastKnownFileType = sourcecode.swift; path = LoginViewController_Closure.swift; sourceTree = "<group>"; };
		B8D5332D2BC5A6CD002D8FC0 /* WelcomeViewController_Closure.swift */ = {isa = PBXFileReference; lastKnownFileType = sourcecode.swift; path = WelcomeViewController_Closure.swift; sourceTree = "<group>"; };
		B8D8E3442BC521880031D97D /* LoginViewController.swift */ = {isa = PBXFileReference; fileEncoding = 4; lastKnownFileType = sourcecode.swift; path = LoginViewController.swift; sourceTree = "<group>"; };
		B8D8E3452BC521880031D97D /* WelcomeViewController.swift */ = {isa = PBXFileReference; fileEncoding = 4; lastKnownFileType = sourcecode.swift; path = WelcomeViewController.swift; sourceTree = "<group>"; };
		B8D8E3492BC521930031D97D /* iOS_miniSeminar_1st.md */ = {isa = PBXFileReference; fileEncoding = 4; lastKnownFileType = net.daringfireball.markdown; path = iOS_miniSeminar_1st.md; sourceTree = "<group>"; };
		B8D8E34A2BC521930031D97D /* LoginViewController_DelegatePattern.swift */ = {isa = PBXFileReference; fileEncoding = 4; lastKnownFileType = sourcecode.swift; path = LoginViewController_DelegatePattern.swift; sourceTree = "<group>"; };
		B8D8E34B2BC521930031D97D /* ScrollView.swift */ = {isa = PBXFileReference; fileEncoding = 4; lastKnownFileType = sourcecode.swift; path = ScrollView.swift; sourceTree = "<group>"; };
		B8D8E34C2BC521930031D97D /* WelcomeViewController_DelegatePattern.swift */ = {isa = PBXFileReference; fileEncoding = 4; lastKnownFileType = sourcecode.swift; path = WelcomeViewController_DelegatePattern.swift; sourceTree = "<group>"; };
		B8E03C982BBF231300C3FC88 /* Pretendard-Light.otf */ = {isa = PBXFileReference; lastKnownFileType = file; path = "Pretendard-Light.otf"; sourceTree = "<group>"; };
		B8E03C992BBF231300C3FC88 /* Pretendard-ExtraLight.otf */ = {isa = PBXFileReference; lastKnownFileType = file; path = "Pretendard-ExtraLight.otf"; sourceTree = "<group>"; };
		B8E03C9A2BBF231300C3FC88 /* Pretendard-Thin.otf */ = {isa = PBXFileReference; lastKnownFileType = file; path = "Pretendard-Thin.otf"; sourceTree = "<group>"; };
/* End PBXFileReference section */

/* Begin PBXFrameworksBuildPhase section */
		B848BB702BB7D7D0001D953C /* Frameworks */ = {
			isa = PBXFrameworksBuildPhase;
			buildActionMask = 2147483647;
			files = (
				B8D8E3542BC5220F0031D97D /* SnapKit in Frameworks */,
				B8D8E3562BC5220F0031D97D /* SnapKit-Dynamic in Frameworks */,
				B86D6E2B2BDCD2C100667418 /* Moya in Frameworks */,
				B86D6E2E2BDCD2F800667418 /* Then in Frameworks */,
			);
			runOnlyForDeploymentPostprocessing = 0;
		};
/* End PBXFrameworksBuildPhase section */

/* Begin PBXGroup section */
		B83176F42BBE397500FF9F48 /* Fonts */ = {
			isa = PBXGroup;
			children = (
				B86318F02BCD856A000B6159 /* Pretendard-SemiBold.otf */,
				B86318EC2BCD8523000B6159 /* Pretendard-Bold.otf */,
				B86318EE2BCD8556000B6159 /* Pretendard-ExtraBold.otf */,
				B8E03C992BBF231300C3FC88 /* Pretendard-ExtraLight.otf */,
				B8E03C982BBF231300C3FC88 /* Pretendard-Light.otf */,
				B8E03C9A2BBF231300C3FC88 /* Pretendard-Thin.otf */,
			);
			path = Fonts;
			sourceTree = "<group>";
		};
		B848BB6A2BB7D7D0001D953C = {
			isa = PBXGroup;
			children = (
				B848BB752BB7D7D0001D953C /* 34th-Sopt-Seminar */,
				B848BB742BB7D7D0001D953C /* Products */,
			);
			sourceTree = "<group>";
		};
		B848BB742BB7D7D0001D953C /* Products */ = {
			isa = PBXGroup;
			children = (
				B848BB732BB7D7D0001D953C /* 34th-Sopt-Seminar.app */,
			);
			name = Products;
			sourceTree = "<group>";
		};
		B848BB752BB7D7D0001D953C /* 34th-Sopt-Seminar */ = {
			isa = PBXGroup;
			children = (
				B86D6E1B2BDCCC3E00667418 /* week4 */,
				B8B7214D2BD39A6F00B161EA /* week3 */,
				B8D8E34D2BC521930031D97D /* week2 */,
				B8D8E3462BC521880031D97D /* week1 */,
				B83176F42BBE397500FF9F48 /* Fonts */,
				B848BB762BB7D7D0001D953C /* AppDelegate.swift */,
				B848BB782BB7D7D0001D953C /* SceneDelegate.swift */,
				B848BB7A2BB7D7D0001D953C /* ViewController.swift */,
				B848BB7C2BB7D7D0001D953C /* Main.storyboard */,
				B848BB7F2BB7D7D4001D953C /* Assets.xcassets */,
				B848BB812BB7D7D4001D953C /* LaunchScreen.storyboard */,
				B848BB842BB7D7D4001D953C /* Info.plist */,
			);
			path = "34th-Sopt-Seminar";
			sourceTree = "<group>";
		};
		B86D6E1B2BDCCC3E00667418 /* week4 */ = {
			isa = PBXGroup;
			children = (
				B86D6E342BDCD38800667418 /* UserInfo */,
				B86D6E222BDCD22600667418 /* NetworkBasicCodes */,
				B86D6E332BDCD36E00667418 /* SignUp */,
			);
			path = week4;
			sourceTree = "<group>";
		};
		B86D6E222BDCD22600667418 /* NetworkBasicCodes */ = {
			isa = PBXGroup;
			children = (
				B86D6E1C2BDCCC6A00667418 /* Config.swift */,
				B86D6E1E2BDCD16600667418 /* NetworkResult.swift */,
				B86D6E202BDCD20600667418 /* MoyaLoggingPlugin.swift */,
			);
			path = NetworkBasicCodes;
			sourceTree = "<group>";
		};
		B86D6E332BDCD36E00667418 /* SignUp */ = {
			isa = PBXGroup;
			children = (
				B86D6E252BDCD27100667418 /* SignUpResponseModel.swift */,
				B86D6E232BDCD24B00667418 /* SignUpRequestModel.swift */,
				B86D6E272BDCD28900667418 /* SignUpViewController.swift */,
				B86D6E312BDCD35A00667418 /* UserService.swift */,
				B86D6E2F2BDCD34700667418 /* AddTargetType.swift */,
			);
			path = SignUp;
			sourceTree = "<group>";
		};
		B86D6E342BDCD38800667418 /* UserInfo */ = {
			isa = PBXGroup;
			children = (
				B86D6E352BDCD39A00667418 /* CheckUserInfoViewController.swift */,
				B86D6E372BDCD3B000667418 /* UserInfoResponseModel.swift */,
			);
			path = UserInfo;
			sourceTree = "<group>";
		};
		B8B7214D2BD39A6F00B161EA /* week3 */ = {
			isa = PBXGroup;
			children = (
				B8B7215A2BD3AC0D00B161EA /* Model */,
				B8B721592BD3AC0500B161EA /* CollectionView */,
				B8B721582BD3ABFD00B161EA /* TableView */,
				B8B721502BD39B5700B161EA /* WelcomeViewController_SanpKit.swift */,
				B8550AAB2BDB949600A96F03 /* LoginView.swift */,
			);
			path = week3;
			sourceTree = "<group>";
		};
		B8B721582BD3ABFD00B161EA /* TableView */ = {
			isa = PBXGroup;
			children = (
				B8B721522BD39C2800B161EA /* ChatViewController.swift */,
				B8B721542BD39DC500B161EA /* ChatTableViewCell.swift */,
			);
			path = TableView;
			sourceTree = "<group>";
		};
		B8B721592BD3AC0500B161EA /* CollectionView */ = {
			isa = PBXGroup;
			children = (
				B8B721562BD3A9DF00B161EA /* ItemViewController.swift */,
				B8B7215D2BD3AD0A00B161EA /* ItemCollectionViewCell.swift */,
			);
			path = CollectionView;
			sourceTree = "<group>";
		};
		B8B7215A2BD3AC0D00B161EA /* Model */ = {
			isa = PBXGroup;
			children = (
				B8B7215B2BD3AC6900B161EA /* ItemModel.swift */,
				B8B7215F2BD3AD4000B161EA /* ChatModel.swift */,
			);
			path = Model;
			sourceTree = "<group>";
		};
		B8D533292BC5A685002D8FC0 /* Closure */ = {
			isa = PBXGroup;
			children = (
				B8D5332B2BC5A6BA002D8FC0 /* LoginViewController_Closure.swift */,
				B8D5332D2BC5A6CD002D8FC0 /* WelcomeViewController_Closure.swift */,
			);
			path = Closure;
			sourceTree = "<group>";
		};
		B8D5332A2BC5A68F002D8FC0 /* DelegatePattern */ = {
			isa = PBXGroup;
			children = (
				B8D8E34A2BC521930031D97D /* LoginViewController_DelegatePattern.swift */,
				B8D8E34C2BC521930031D97D /* WelcomeViewController_DelegatePattern.swift */,
			);
			path = DelegatePattern;
			sourceTree = "<group>";
		};
		B8D8E3462BC521880031D97D /* week1 */ = {
			isa = PBXGroup;
			children = (
				B8D8E3442BC521880031D97D /* LoginViewController.swift */,
				B8D8E3452BC521880031D97D /* WelcomeViewController.swift */,
			);
			path = week1;
			sourceTree = "<group>";
		};
		B8D8E34D2BC521930031D97D /* week2 */ = {
			isa = PBXGroup;
			children = (
				B8D5332A2BC5A68F002D8FC0 /* DelegatePattern */,
				B8D533292BC5A685002D8FC0 /* Closure */,
				B8D8E3492BC521930031D97D /* iOS_miniSeminar_1st.md */,
				B8D8E34B2BC521930031D97D /* ScrollView.swift */,
			);
			path = week2;
			sourceTree = "<group>";
		};
/* End PBXGroup section */

/* Begin PBXNativeTarget section */
		B848BB722BB7D7D0001D953C /* 34th-Sopt-Seminar */ = {
			isa = PBXNativeTarget;
			buildConfigurationList = B848BB872BB7D7D4001D953C /* Build configuration list for PBXNativeTarget "34th-Sopt-Seminar" */;
			buildPhases = (
				B848BB6F2BB7D7D0001D953C /* Sources */,
				B848BB702BB7D7D0001D953C /* Frameworks */,
				B848BB712BB7D7D0001D953C /* Resources */,
			);
			buildRules = (
			);
			dependencies = (
			);
			name = "34th-Sopt-Seminar";
			packageProductDependencies = (
				B8D8E3532BC5220F0031D97D /* SnapKit */,
				B8D8E3552BC5220F0031D97D /* SnapKit-Dynamic */,
				B86D6E2A2BDCD2C100667418 /* Moya */,
				B86D6E2D2BDCD2F800667418 /* Then */,
			);
			productName = "34th-Sopt-Seminar";
			productReference = B848BB732BB7D7D0001D953C /* 34th-Sopt-Seminar.app */;
			productType = "com.apple.product-type.application";
		};
/* End PBXNativeTarget section */

/* Begin PBXProject section */
		B848BB6B2BB7D7D0001D953C /* Project object */ = {
			isa = PBXProject;
			attributes = {
				BuildIndependentTargetsInParallel = 1;
				LastSwiftUpdateCheck = 1430;
				LastUpgradeCheck = 1430;
				TargetAttributes = {
					B848BB722BB7D7D0001D953C = {
						CreatedOnToolsVersion = 14.3.1;
					};
				};
			};
			buildConfigurationList = B848BB6E2BB7D7D0001D953C /* Build configuration list for PBXProject "34th-Sopt-Seminar" */;
			compatibilityVersion = "Xcode 14.0";
			developmentRegion = en;
			hasScannedForEncodings = 0;
			knownRegions = (
				en,
				Base,
			);
			mainGroup = B848BB6A2BB7D7D0001D953C;
			packageReferences = (
				B8D8E3522BC5220F0031D97D /* XCRemoteSwiftPackageReference "SnapKit" */,
				B86D6E292BDCD2C100667418 /* XCRemoteSwiftPackageReference "Moya" */,
				B86D6E2C2BDCD2F800667418 /* XCRemoteSwiftPackageReference "Then" */,
			);
			productRefGroup = B848BB742BB7D7D0001D953C /* Products */;
			projectDirPath = "";
			projectRoot = "";
			targets = (
				B848BB722BB7D7D0001D953C /* 34th-Sopt-Seminar */,
			);
		};
/* End PBXProject section */

/* Begin PBXResourcesBuildPhase section */
		B848BB712BB7D7D0001D953C /* Resources */ = {
			isa = PBXResourcesBuildPhase;
			buildActionMask = 2147483647;
			files = (
				B848BB832BB7D7D4001D953C /* LaunchScreen.storyboard in Resources */,
				B86318ED2BCD8523000B6159 /* Pretendard-Bold.otf in Resources */,
				B86318EF2BCD8556000B6159 /* Pretendard-ExtraBold.otf in Resources */,
				B8E03CA12BBF231300C3FC88 /* Pretendard-ExtraLight.otf in Resources */,
				B8E03CA22BBF231300C3FC88 /* Pretendard-Thin.otf in Resources */,
				B848BB802BB7D7D4001D953C /* Assets.xcassets in Resources */,
				B8E03CA02BBF231300C3FC88 /* Pretendard-Light.otf in Resources */,
				B848BB7E2BB7D7D0001D953C /* Main.storyboard in Resources */,
				B8D8E34E2BC521930031D97D /* iOS_miniSeminar_1st.md in Resources */,
			);
			runOnlyForDeploymentPostprocessing = 0;
		};
/* End PBXResourcesBuildPhase section */

/* Begin PBXSourcesBuildPhase section */
		B848BB6F2BB7D7D0001D953C /* Sources */ = {
			isa = PBXSourcesBuildPhase;
			buildActionMask = 2147483647;
			files = (
				B8D8E3472BC521880031D97D /* LoginViewController.swift in Sources */,
				B8D8E3512BC521930031D97D /* WelcomeViewController_DelegatePattern.swift in Sources */,
				B8B721572BD3A9DF00B161EA /* ItemViewController.swift in Sources */,
				B86D6E302BDCD34700667418 /* AddTargetType.swift in Sources */,
				B848BB7B2BB7D7D0001D953C /* ViewController.swift in Sources */,
				B86D6E262BDCD27100667418 /* SignUpResponseModel.swift in Sources */,
				B86D6E322BDCD35A00667418 /* UserService.swift in Sources */,
				B86D6E1D2BDCCC6A00667418 /* Config.swift in Sources */,
				B86D6E242BDCD24B00667418 /* SignUpRequestModel.swift in Sources */,
				B8D5332E2BC5A6CD002D8FC0 /* WelcomeViewController_Closure.swift in Sources */,
				B8D8E34F2BC521930031D97D /* LoginViewController_DelegatePattern.swift in Sources */,
				B8B7215E2BD3AD0A00B161EA /* ItemCollectionViewCell.swift in Sources */,
				B8B721512BD39B5700B161EA /* WelcomeViewController_SanpKit.swift in Sources */,
				B8D5332C2BC5A6BA002D8FC0 /* LoginViewController_Closure.swift in Sources */,
				B86D6E362BDCD39A00667418 /* CheckUserInfoViewController.swift in Sources */,
				B848BB772BB7D7D0001D953C /* AppDelegate.swift in Sources */,
				B86D6E1F2BDCD16600667418 /* NetworkResult.swift in Sources */,
				B86D6E212BDCD20600667418 /* MoyaLoggingPlugin.swift in Sources */,
				B8B7215C2BD3AC6900B161EA /* ItemModel.swift in Sources */,
				B8B721532BD39C2800B161EA /* ChatViewController.swift in Sources */,
				B848BB792BB7D7D0001D953C /* SceneDelegate.swift in Sources */,
				B86D6E282BDCD28900667418 /* SignUpViewController.swift in Sources */,
				B8B721552BD39DC500B161EA /* ChatTableViewCell.swift in Sources */,
				B8D8E3482BC521880031D97D /* WelcomeViewController.swift in Sources */,
				B8550AAC2BDB949600A96F03 /* LoginView.swift in Sources */,
				B86D6E382BDCD3B000667418 /* UserInfoResponseModel.swift in Sources */,
				B8D8E3502BC521930031D97D /* ScrollView.swift in Sources */,
				B8B721602BD3AD4000B161EA /* ChatModel.swift in Sources */,
			);
			runOnlyForDeploymentPostprocessing = 0;
		};
/* End PBXSourcesBuildPhase section */

/* Begin PBXVariantGroup section */
		B848BB7C2BB7D7D0001D953C /* Main.storyboard */ = {
			isa = PBXVariantGroup;
			children = (
				B848BB7D2BB7D7D0001D953C /* Base */,
			);
			name = Main.storyboard;
			sourceTree = "<group>";
		};
		B848BB812BB7D7D4001D953C /* LaunchScreen.storyboard */ = {
			isa = PBXVariantGroup;
			children = (
				B848BB822BB7D7D4001D953C /* Base */,
			);
			name = LaunchScreen.storyboard;
			sourceTree = "<group>";
		};
/* End PBXVariantGroup section */

/* Begin XCBuildConfiguration section */
		B848BB852BB7D7D4001D953C /* Debug */ = {
			isa = XCBuildConfiguration;
			buildSettings = {
				ALWAYS_SEARCH_USER_PATHS = NO;
				CLANG_ANALYZER_NONNULL = YES;
				CLANG_ANALYZER_NUMBER_OBJECT_CONVERSION = YES_AGGRESSIVE;
				CLANG_CXX_LANGUAGE_STANDARD = "gnu++20";
				CLANG_ENABLE_MODULES = YES;
				CLANG_ENABLE_OBJC_ARC = YES;
				CLANG_ENABLE_OBJC_WEAK = YES;
				CLANG_WARN_BLOCK_CAPTURE_AUTORELEASING = YES;
				CLANG_WARN_BOOL_CONVERSION = YES;
				CLANG_WARN_COMMA = YES;
				CLANG_WARN_CONSTANT_CONVERSION = YES;
				CLANG_WARN_DEPRECATED_OBJC_IMPLEMENTATIONS = YES;
				CLANG_WARN_DIRECT_OBJC_ISA_USAGE = YES_ERROR;
				CLANG_WARN_DOCUMENTATION_COMMENTS = YES;
				CLANG_WARN_EMPTY_BODY = YES;
				CLANG_WARN_ENUM_CONVERSION = YES;
				CLANG_WARN_INFINITE_RECURSION = YES;
				CLANG_WARN_INT_CONVERSION = YES;
				CLANG_WARN_NON_LITERAL_NULL_CONVERSION = YES;
				CLANG_WARN_OBJC_IMPLICIT_RETAIN_SELF = YES;
				CLANG_WARN_OBJC_LITERAL_CONVERSION = YES;
				CLANG_WARN_OBJC_ROOT_CLASS = YES_ERROR;
				CLANG_WARN_QUOTED_INCLUDE_IN_FRAMEWORK_HEADER = YES;
				CLANG_WARN_RANGE_LOOP_ANALYSIS = YES;
				CLANG_WARN_STRICT_PROTOTYPES = YES;
				CLANG_WARN_SUSPICIOUS_MOVE = YES;
				CLANG_WARN_UNGUARDED_AVAILABILITY = YES_AGGRESSIVE;
				CLANG_WARN_UNREACHABLE_CODE = YES;
				CLANG_WARN__DUPLICATE_METHOD_MATCH = YES;
				COPY_PHASE_STRIP = NO;
				DEBUG_INFORMATION_FORMAT = dwarf;
				ENABLE_STRICT_OBJC_MSGSEND = YES;
				ENABLE_TESTABILITY = YES;
				GCC_C_LANGUAGE_STANDARD = gnu11;
				GCC_DYNAMIC_NO_PIC = NO;
				GCC_NO_COMMON_BLOCKS = YES;
				GCC_OPTIMIZATION_LEVEL = 0;
				GCC_PREPROCESSOR_DEFINITIONS = (
					"DEBUG=1",
					"$(inherited)",
				);
				GCC_WARN_64_TO_32_BIT_CONVERSION = YES;
				GCC_WARN_ABOUT_RETURN_TYPE = YES_ERROR;
				GCC_WARN_UNDECLARED_SELECTOR = YES;
				GCC_WARN_UNINITIALIZED_AUTOS = YES_AGGRESSIVE;
				GCC_WARN_UNUSED_FUNCTION = YES;
				GCC_WARN_UNUSED_VARIABLE = YES;
				IPHONEOS_DEPLOYMENT_TARGET = 16.4;
				MTL_ENABLE_DEBUG_INFO = INCLUDE_SOURCE;
				MTL_FAST_MATH = YES;
				ONLY_ACTIVE_ARCH = YES;
				SDKROOT = iphoneos;
				SWIFT_ACTIVE_COMPILATION_CONDITIONS = DEBUG;
				SWIFT_OPTIMIZATION_LEVEL = "-Onone";
			};
			name = Debug;
		};
		B848BB862BB7D7D4001D953C /* Release */ = {
			isa = XCBuildConfiguration;
			buildSettings = {
				ALWAYS_SEARCH_USER_PATHS = NO;
				CLANG_ANALYZER_NONNULL = YES;
				CLANG_ANALYZER_NUMBER_OBJECT_CONVERSION = YES_AGGRESSIVE;
				CLANG_CXX_LANGUAGE_STANDARD = "gnu++20";
				CLANG_ENABLE_MODULES = YES;
				CLANG_ENABLE_OBJC_ARC = YES;
				CLANG_ENABLE_OBJC_WEAK = YES;
				CLANG_WARN_BLOCK_CAPTURE_AUTORELEASING = YES;
				CLANG_WARN_BOOL_CONVERSION = YES;
				CLANG_WARN_COMMA = YES;
				CLANG_WARN_CONSTANT_CONVERSION = YES;
				CLANG_WARN_DEPRECATED_OBJC_IMPLEMENTATIONS = YES;
				CLANG_WARN_DIRECT_OBJC_ISA_USAGE = YES_ERROR;
				CLANG_WARN_DOCUMENTATION_COMMENTS = YES;
				CLANG_WARN_EMPTY_BODY = YES;
				CLANG_WARN_ENUM_CONVERSION = YES;
				CLANG_WARN_INFINITE_RECURSION = YES;
				CLANG_WARN_INT_CONVERSION = YES;
				CLANG_WARN_NON_LITERAL_NULL_CONVERSION = YES;
				CLANG_WARN_OBJC_IMPLICIT_RETAIN_SELF = YES;
				CLANG_WARN_OBJC_LITERAL_CONVERSION = YES;
				CLANG_WARN_OBJC_ROOT_CLASS = YES_ERROR;
				CLANG_WARN_QUOTED_INCLUDE_IN_FRAMEWORK_HEADER = YES;
				CLANG_WARN_RANGE_LOOP_ANALYSIS = YES;
				CLANG_WARN_STRICT_PROTOTYPES = YES;
				CLANG_WARN_SUSPICIOUS_MOVE = YES;
				CLANG_WARN_UNGUARDED_AVAILABILITY = YES_AGGRESSIVE;
				CLANG_WARN_UNREACHABLE_CODE = YES;
				CLANG_WARN__DUPLICATE_METHOD_MATCH = YES;
				COPY_PHASE_STRIP = NO;
				DEBUG_INFORMATION_FORMAT = "dwarf-with-dsym";
				ENABLE_NS_ASSERTIONS = NO;
				ENABLE_STRICT_OBJC_MSGSEND = YES;
				GCC_C_LANGUAGE_STANDARD = gnu11;
				GCC_NO_COMMON_BLOCKS = YES;
				GCC_WARN_64_TO_32_BIT_CONVERSION = YES;
				GCC_WARN_ABOUT_RETURN_TYPE = YES_ERROR;
				GCC_WARN_UNDECLARED_SELECTOR = YES;
				GCC_WARN_UNINITIALIZED_AUTOS = YES_AGGRESSIVE;
				GCC_WARN_UNUSED_FUNCTION = YES;
				GCC_WARN_UNUSED_VARIABLE = YES;
				IPHONEOS_DEPLOYMENT_TARGET = 16.4;
				MTL_ENABLE_DEBUG_INFO = NO;
				MTL_FAST_MATH = YES;
				SDKROOT = iphoneos;
				SWIFT_COMPILATION_MODE = wholemodule;
				SWIFT_OPTIMIZATION_LEVEL = "-O";
				VALIDATE_PRODUCT = YES;
			};
			name = Release;
		};
		B848BB882BB7D7D4001D953C /* Debug */ = {
			isa = XCBuildConfiguration;
			buildSettings = {
				ASSETCATALOG_COMPILER_APPICON_NAME = AppIcon;
				ASSETCATALOG_COMPILER_GLOBAL_ACCENT_COLOR_NAME = AccentColor;
				BASE_URL = "http://34.64.233.12:8080";
				CODE_SIGN_STYLE = Automatic;
				CURRENT_PROJECT_VERSION = 1;
				DEVELOPMENT_TEAM = 67GPPL4GT7;
				GENERATE_INFOPLIST_FILE = YES;
				INFOPLIST_FILE = "34th-Sopt-Seminar/Info.plist";
				INFOPLIST_KEY_UIApplicationSupportsIndirectInputEvents = YES;
				INFOPLIST_KEY_UILaunchStoryboardName = LaunchScreen;
				INFOPLIST_KEY_UIMainStoryboardFile = Main;
				INFOPLIST_KEY_UISupportedInterfaceOrientations_iPad = "UIInterfaceOrientationPortrait UIInterfaceOrientationPortraitUpsideDown UIInterfaceOrientationLandscapeLeft UIInterfaceOrientationLandscapeRight";
				INFOPLIST_KEY_UISupportedInterfaceOrientations_iPhone = "UIInterfaceOrientationPortrait UIInterfaceOrientationLandscapeLeft UIInterfaceOrientationLandscapeRight";
				LD_RUNPATH_SEARCH_PATHS = (
					"$(inherited)",
					"@executable_path/Frameworks",
				);
				MARKETING_VERSION = 1.0;
				PRODUCT_BUNDLE_IDENTIFIER = "com.minny.-4th-Sopt-Seminar";
				PRODUCT_NAME = "$(TARGET_NAME)";
				SWIFT_EMIT_LOC_STRINGS = YES;
				SWIFT_VERSION = 5.0;
				TARGETED_DEVICE_FAMILY = "1,2";
			};
			name = Debug;
		};
		B848BB892BB7D7D4001D953C /* Release */ = {
			isa = XCBuildConfiguration;
			buildSettings = {
				ASSETCATALOG_COMPILER_APPICON_NAME = AppIcon;
				ASSETCATALOG_COMPILER_GLOBAL_ACCENT_COLOR_NAME = AccentColor;
				BASE_URL = "http://34.64.233.12:8080";
				CODE_SIGN_STYLE = Automatic;
				CURRENT_PROJECT_VERSION = 1;
				DEVELOPMENT_TEAM = 67GPPL4GT7;
				GENERATE_INFOPLIST_FILE = YES;
				INFOPLIST_FILE = "34th-Sopt-Seminar/Info.plist";
				INFOPLIST_KEY_UIApplicationSupportsIndirectInputEvents = YES;
				INFOPLIST_KEY_UILaunchStoryboardName = LaunchScreen;
				INFOPLIST_KEY_UIMainStoryboardFile = Main;
				INFOPLIST_KEY_UISupportedInterfaceOrientations_iPad = "UIInterfaceOrientationPortrait UIInterfaceOrientationPortraitUpsideDown UIInterfaceOrientationLandscapeLeft UIInterfaceOrientationLandscapeRight";
				INFOPLIST_KEY_UISupportedInterfaceOrientations_iPhone = "UIInterfaceOrientationPortrait UIInterfaceOrientationLandscapeLeft UIInterfaceOrientationLandscapeRight";
				LD_RUNPATH_SEARCH_PATHS = (
					"$(inherited)",
					"@executable_path/Frameworks",
				);
				MARKETING_VERSION = 1.0;
				PRODUCT_BUNDLE_IDENTIFIER = "com.minny.-4th-Sopt-Seminar";
				PRODUCT_NAME = "$(TARGET_NAME)";
				SWIFT_EMIT_LOC_STRINGS = YES;
				SWIFT_VERSION = 5.0;
				TARGETED_DEVICE_FAMILY = "1,2";
			};
			name = Release;
		};
/* End XCBuildConfiguration section */

/* Begin XCConfigurationList section */
		B848BB6E2BB7D7D0001D953C /* Build configuration list for PBXProject "34th-Sopt-Seminar" */ = {
			isa = XCConfigurationList;
			buildConfigurations = (
				B848BB852BB7D7D4001D953C /* Debug */,
				B848BB862BB7D7D4001D953C /* Release */,
			);
			defaultConfigurationIsVisible = 0;
			defaultConfigurationName = Release;
		};
		B848BB872BB7D7D4001D953C /* Build configuration list for PBXNativeTarget "34th-Sopt-Seminar" */ = {
			isa = XCConfigurationList;
			buildConfigurations = (
				B848BB882BB7D7D4001D953C /* Debug */,
				B848BB892BB7D7D4001D953C /* Release */,
			);
			defaultConfigurationIsVisible = 0;
			defaultConfigurationName = Release;
		};
/* End XCConfigurationList section */

/* Begin XCRemoteSwiftPackageReference section */
		B86D6E292BDCD2C100667418 /* XCRemoteSwiftPackageReference "Moya" */ = {
			isa = XCRemoteSwiftPackageReference;
			repositoryURL = "https://github.com/Moya/Moya";
			requirement = {
				kind = upToNextMajorVersion;
				minimumVersion = 15.0.3;
			};
		};
		B86D6E2C2BDCD2F800667418 /* XCRemoteSwiftPackageReference "Then" */ = {
			isa = XCRemoteSwiftPackageReference;
			repositoryURL = "https://github.com/devxoul/Then.git";
			requirement = {
				kind = upToNextMajorVersion;
				minimumVersion = 3.0.0;
			};
		};
		B8D8E3522BC5220F0031D97D /* XCRemoteSwiftPackageReference "SnapKit" */ = {
			isa = XCRemoteSwiftPackageReference;
			repositoryURL = "https://github.com/SnapKit/SnapKit";
			requirement = {
				kind = upToNextMajorVersion;
				minimumVersion = 5.7.1;
			};
		};
/* End XCRemoteSwiftPackageReference section */

/* Begin XCSwiftPackageProductDependency section */
		B86D6E2A2BDCD2C100667418 /* Moya */ = {
			isa = XCSwiftPackageProductDependency;
			package = B86D6E292BDCD2C100667418 /* XCRemoteSwiftPackageReference "Moya" */;
			productName = Moya;
		};
		B86D6E2D2BDCD2F800667418 /* Then */ = {
			isa = XCSwiftPackageProductDependency;
			package = B86D6E2C2BDCD2F800667418 /* XCRemoteSwiftPackageReference "Then" */;
			productName = Then;
		};
		B8D8E3532BC5220F0031D97D /* SnapKit */ = {
			isa = XCSwiftPackageProductDependency;
			package = B8D8E3522BC5220F0031D97D /* XCRemoteSwiftPackageReference "SnapKit" */;
			productName = SnapKit;
		};
		B8D8E3552BC5220F0031D97D /* SnapKit-Dynamic */ = {
			isa = XCSwiftPackageProductDependency;
			package = B8D8E3522BC5220F0031D97D /* XCRemoteSwiftPackageReference "SnapKit" */;
			productName = "SnapKit-Dynamic";
		};
/* End XCSwiftPackageProductDependency section */
	};
	rootObject = B848BB6B2BB7D7D0001D953C /* Project object */;
}
